{
  "nodes": {
    "home-manager": {
      "inputs": {
        "nixpkgs": [
          "nixpkgs"
        ]
      },
      "locked": {
        "lastModified": 1740161709,
        "narHash": "sha256-QInyU5nXiwGzzCc3qxYHJKFY/YWege8Us7aZZOCFW4Q=",
        "owner": "nix-community",
        "repo": "home-manager",
        "rev": "148a6b55651ac794f5c20bbd76780b4d8fed4334",
        "type": "github"
      },
      "original": {
        "owner": "nix-community",
        "repo": "home-manager",
        "type": "github"
      }
    },
    "nix-warez": {
      "inputs": {
        "nixpkgs": [
          "nixpkgs"
        ]
      },
      "locked": {
        "dir": "blender",
        "lastModified": 1734963688,
        "narHash": "sha256-FTbHXdo1O5avRbOkSzGWI52V0sRX+B9Ka2trEiuaewk=",
        "owner": "edolstra",
        "repo": "nix-warez",
        "rev": "91297beb20864e611af6017c5eeef1b4564d7157",
        "type": "github"
      },
      "original": {
        "dir": "blender",
        "owner": "edolstra",
        "repo": "nix-warez",
        "type": "github"
      }
    },
    "nixpkgs": {
      "locked": {
        "lastModified": 1739866667,
        "narHash": "sha256-EO1ygNKZlsAC9avfcwHkKGMsmipUk1Uc0TbrEZpkn64=",
        "owner": "nixos",
        "repo": "nixpkgs",
        "rev": "73cf49b8ad837ade2de76f87eb53fc85ed5d4680",
        "type": "github"
      },
      "original": {
        "owner": "nixos",
        "ref": "nixos-unstable",
        "repo": "nixpkgs",
        "type": "github"
      }
    },
    "root": {
      "inputs": {
        "home-manager": "home-manager",
        "nix-warez": "nix-warez",
        "nixpkgs": "nixpkgs",
        "utils": "utils"
      }
    },
    "systems": {
      "locked": {
        "lastModified": 1681028828,
        "narHash": "sha256-Vy1rq5AaRuLzOxct8nz4T6wlgyUR7zLU309k9mBC768=",
        "owner": "nix-systems",
        "repo": "default",
        "rev": "da67096a3b9bf56a91d16901293e51ba5b49a27e",
        "type": "github"
      },
      "original": {
        "owner": "nix-systems",
        "repo": "default",
        "type": "github"
      }
    },
    "utils": {
      "inputs": {
        "systems": "systems"
      },
      "locked": {
        "lastModified": 1710146030,
        "narHash": "sha256-SZ5L6eA7HJ/nmkzGG7/ISclqe6oZdOZTNoesiInkXPQ=",
        "owner": "numtide",
        "repo": "flake-utils",
        "rev": "b1d9ab70662946ef0850d488da1c9019f3a9752a",
        "type": "github"
      },
      "original": {
        "owner": "numtide",
        "repo": "flake-utils",
        "type": "github"
      }
    }
  },
  "root": "root",
  "version": 7
}
